
Microsoft Visual Studio Solution File, Format Version 12.00
# Visual Studio Version 17
VisualStudioVersion = 17.12.35707.178 d17.12
MinimumVisualStudioVersion = 10.0.40219.1
Project("{FAE04EC0-301F-11D3-BF4B-00C04F79EFBC}") = "scrabbleguy2", "scrabbleguy2\scrabbleguy2.csproj", "{5C5CFD64-6791-4859-B143-0360D4EE3F7F}"
EndProject
Global
	GlobalSection(SolutionConfigurationPlatforms) = preSolution
		Debug|Any CPU = Debug|Any CPU
		Release|Any CPU = Release|Any CPU
	EndGlobalSection
	GlobalSection(ProjectConfigurationPlatforms) = postSolution
		{5C5CFD64-6791-4859-B143-0360D4EE3F7F}.Debug|Any CPU.ActiveCfg = Debug|Any CPU
		{5C5CFD64-6791-4859-B143-0360D4EE3F7F}.Debug|Any CPU.Build.0 = Debug|Any CPU
		{5C5CFD64-6791-4859-B143-0360D4EE3F7F}.Release|Any CPU.ActiveCfg = Release|Any CPU
		{5C5CFD64-6791-4859-B143-0360D4EE3F7F}.Release|Any CPU.Build.0 = Release|Any CPU
	EndGlobalSection
	GlobalSection(SolutionProperties) = preSolution
		HideSolutionNode = FALSE
	EndGlobalSection
EndGlobal
